// !$*UTF8*$!
{
	archiveVersion = 1;
	classes = {
	};
	objectVersion = 46;
	objects = {

/* Begin PBXBuildFile section */
		1387937B5672ABE8CB0C9E93 /* Pods_Habits.framework in Frameworks */ = {isa = PBXBuildFile; fileRef = B0DFA0706ACC635DDB842291 /* Pods_Habits.framework */; };
		A11A56C21F3AF7BE00E3321C /* Launch Screen.storyboard in Resources */ = {isa = PBXBuildFile; fileRef = A11A56C11F3AF7BE00E3321C /* Launch Screen.storyboard */; };
		A1228B961F35207100C84904 /* Store.storyboard in Resources */ = {isa = PBXBuildFile; fileRef = A1228B951F35207100C84904 /* Store.storyboard */; };
		A1228B9A1F35283D00C84904 /* ShopTableViewController.swift in Sources */ = {isa = PBXBuildFile; fileRef = A1228B991F35283D00C84904 /* ShopTableViewController.swift */; };
		A13C5A001F2906D800A2F152 /* Calendar.storyboard in Resources */ = {isa = PBXBuildFile; fileRef = A13C59FF1F2906D800A2F152 /* Calendar.storyboard */; };
		A13C5A021F29081600A2F152 /* CalendarViewController.swift in Sources */ = {isa = PBXBuildFile; fileRef = A13C5A011F29081600A2F152 /* CalendarViewController.swift */; };
		A13C5A041F29141800A2F152 /* CalendarCell.swift in Sources */ = {isa = PBXBuildFile; fileRef = A13C5A031F29141800A2F152 /* CalendarCell.swift */; };
		A13CB8CA1F1D3C4F00137BD3 /* Info.plist in Resources */ = {isa = PBXBuildFile; fileRef = A13CB8C91F1D3C4F00137BD3 /* Info.plist */; };
		A13CB8D11F1D589A00137BD3 /* ListHabitsCell.swift in Sources */ = {isa = PBXBuildFile; fileRef = A13CB8D01F1D589A00137BD3 /* ListHabitsCell.swift */; };
		A13D53711F32498A0012A8BD /* HabitsDoneTableViewCell.swift in Sources */ = {isa = PBXBuildFile; fileRef = A13D53701F32498A0012A8BD /* HabitsDoneTableViewCell.swift */; };
		A1B0AB2E1F1D266A00205600 /* AppDelegate.swift in Sources */ = {isa = PBXBuildFile; fileRef = A1B0AB2D1F1D266A00205600 /* AppDelegate.swift */; };
		A1B0AB361F1D266A00205600 /* Habits.xcdatamodeld in Sources */ = {isa = PBXBuildFile; fileRef = A1B0AB341F1D266A00205600 /* Habits.xcdatamodeld */; };
		A1B0AB381F1D266A00205600 /* Assets.xcassets in Resources */ = {isa = PBXBuildFile; fileRef = A1B0AB371F1D266A00205600 /* Assets.xcassets */; };
		A1B0AB4C1F1D2F4900205600 /* HabitInformationViewController.swift in Sources */ = {isa = PBXBuildFile; fileRef = A1B0AB4B1F1D2F4900205600 /* HabitInformationViewController.swift */; };
		A1B0AB4E1F1D2F6600205600 /* ListHabitsViewController.swift in Sources */ = {isa = PBXBuildFile; fileRef = A1B0AB4D1F1D2F6600205600 /* ListHabitsViewController.swift */; };
		A1B0AB501F1D334800205600 /* Habits.storyboard in Resources */ = {isa = PBXBuildFile; fileRef = A1B0AB4F1F1D334800205600 /* Habits.storyboard */; };
		A1B0AB521F1D336900205600 /* Main.storyboard in Resources */ = {isa = PBXBuildFile; fileRef = A1B0AB511F1D336900205600 /* Main.storyboard */; };
		A1F1C70C1F210E6700925A2A /* CoreDataHelper.swift in Sources */ = {isa = PBXBuildFile; fileRef = A1F1C70B1F210E6700925A2A /* CoreDataHelper.swift */; };
/* End PBXBuildFile section */

/* Begin PBXFileReference section */
		22259F062A5D2381405F8D17 /* Pods-Habits.release.xcconfig */ = {isa = PBXFileReference; includeInIndex = 1; lastKnownFileType = text.xcconfig; name = "Pods-Habits.release.xcconfig"; path = "Pods/Target Support Files/Pods-Habits/Pods-Habits.release.xcconfig"; sourceTree = "<group>"; };
		8E25518CA7A64675F214AC97 /* Pods-Habits.debug.xcconfig */ = {isa = PBXFileReference; includeInIndex = 1; lastKnownFileType = text.xcconfig; name = "Pods-Habits.debug.xcconfig"; path = "Pods/Target Support Files/Pods-Habits/Pods-Habits.debug.xcconfig"; sourceTree = "<group>"; };
		A11A56C11F3AF7BE00E3321C /* Launch Screen.storyboard */ = {isa = PBXFileReference; fileEncoding = 4; lastKnownFileType = file.storyboard; name = "Launch Screen.storyboard"; path = "Storyboards/Launch Screen.storyboard"; sourceTree = "<group>"; };
		A1228B951F35207100C84904 /* Store.storyboard */ = {isa = PBXFileReference; fileEncoding = 4; lastKnownFileType = file.storyboard; name = Store.storyboard; path = Storyboards/Store.storyboard; sourceTree = "<group>"; };
		A1228B991F35283D00C84904 /* ShopTableViewController.swift */ = {isa = PBXFileReference; fileEncoding = 4; lastKnownFileType = sourcecode.swift; name = ShopTableViewController.swift; path = Controllers/ShopTableViewController.swift; sourceTree = "<group>"; };
		A13C59FF1F2906D800A2F152 /* Calendar.storyboard */ = {isa = PBXFileReference; fileEncoding = 4; lastKnownFileType = file.storyboard; name = Calendar.storyboard; path = Storyboards/Calendar.storyboard; sourceTree = "<group>"; };
		A13C5A011F29081600A2F152 /* CalendarViewController.swift */ = {isa = PBXFileReference; fileEncoding = 4; lastKnownFileType = sourcecode.swift; path = CalendarViewController.swift; sourceTree = "<group>"; };
		A13C5A031F29141800A2F152 /* CalendarCell.swift */ = {isa = PBXFileReference; fileEncoding = 4; lastKnownFileType = sourcecode.swift; name = CalendarCell.swift; path = Views/CalendarCell.swift; sourceTree = "<group>"; };
		A13CB8C91F1D3C4F00137BD3 /* Info.plist */ = {isa = PBXFileReference; fileEncoding = 4; lastKnownFileType = text.plist.xml; path = Info.plist; sourceTree = "<group>"; };
		A13CB8D01F1D589A00137BD3 /* ListHabitsCell.swift */ = {isa = PBXFileReference; fileEncoding = 4; lastKnownFileType = sourcecode.swift; path = ListHabitsCell.swift; sourceTree = "<group>"; };
		A13D53701F32498A0012A8BD /* HabitsDoneTableViewCell.swift */ = {isa = PBXFileReference; fileEncoding = 4; lastKnownFileType = sourcecode.swift; name = HabitsDoneTableViewCell.swift; path = Views/HabitsDoneTableViewCell.swift; sourceTree = "<group>"; };
		A1B0AB2A1F1D266A00205600 /* Habits.app */ = {isa = PBXFileReference; explicitFileType = wrapper.application; includeInIndex = 0; path = Habits.app; sourceTree = BUILT_PRODUCTS_DIR; };
		A1B0AB2D1F1D266A00205600 /* AppDelegate.swift */ = {isa = PBXFileReference; lastKnownFileType = sourcecode.swift; path = AppDelegate.swift; sourceTree = "<group>"; };
		A1B0AB351F1D266A00205600 /* Habits.xcdatamodel */ = {isa = PBXFileReference; lastKnownFileType = wrapper.xcdatamodel; path = Habits.xcdatamodel; sourceTree = "<group>"; };
		A1B0AB371F1D266A00205600 /* Assets.xcassets */ = {isa = PBXFileReference; lastKnownFileType = folder.assetcatalog; path = Assets.xcassets; sourceTree = "<group>"; };
		A1B0AB4B1F1D2F4900205600 /* HabitInformationViewController.swift */ = {isa = PBXFileReference; fileEncoding = 4; lastKnownFileType = sourcecode.swift; name = HabitInformationViewController.swift; path = Controllers/HabitInformationViewController.swift; sourceTree = "<group>"; };
		A1B0AB4D1F1D2F6600205600 /* ListHabitsViewController.swift */ = {isa = PBXFileReference; fileEncoding = 4; lastKnownFileType = sourcecode.swift; name = ListHabitsViewController.swift; path = Controllers/ListHabitsViewController.swift; sourceTree = "<group>"; };
		A1B0AB4F1F1D334800205600 /* Habits.storyboard */ = {isa = PBXFileReference; fileEncoding = 4; lastKnownFileType = file.storyboard; name = Habits.storyboard; path = Storyboards/Habits.storyboard; sourceTree = "<group>"; };
		A1B0AB511F1D336900205600 /* Main.storyboard */ = {isa = PBXFileReference; fileEncoding = 4; lastKnownFileType = file.storyboard; name = Main.storyboard; path = Storyboards/Main.storyboard; sourceTree = "<group>"; };
		A1F1C70B1F210E6700925A2A /* CoreDataHelper.swift */ = {isa = PBXFileReference; fileEncoding = 4; lastKnownFileType = sourcecode.swift; name = CoreDataHelper.swift; path = Helpers/CoreDataHelper.swift; sourceTree = "<group>"; };
		B0DFA0706ACC635DDB842291 /* Pods_Habits.framework */ = {isa = PBXFileReference; explicitFileType = wrapper.framework; includeInIndex = 0; path = Pods_Habits.framework; sourceTree = BUILT_PRODUCTS_DIR; };
/* End PBXFileReference section */

/* Begin PBXFrameworksBuildPhase section */
		A1B0AB271F1D266A00205600 /* Frameworks */ = {
			isa = PBXFrameworksBuildPhase;
			buildActionMask = 2147483647;
			files = (
				1387937B5672ABE8CB0C9E93 /* Pods_Habits.framework in Frameworks */,
			);
			runOnlyForDeploymentPostprocessing = 0;
		};
/* End PBXFrameworksBuildPhase section */

/* Begin PBXGroup section */
		A13CB8CB1F1D583700137BD3 /* Views */ = {
			isa = PBXGroup;
			children = (
				A13CB8D01F1D589A00137BD3 /* ListHabitsCell.swift */,
				A13C5A031F29141800A2F152 /* CalendarCell.swift */,
				A13D53701F32498A0012A8BD /* HabitsDoneTableViewCell.swift */,
			);
			name = Views;
			sourceTree = "<group>";
		};
		A1B0AB211F1D266A00205600 = {
			isa = PBXGroup;
			children = (
				A1B0AB2C1F1D266A00205600 /* Habits */,
				A1B0AB2B1F1D266A00205600 /* Products */,
				DC7ED49B6BE4F1617BB19615 /* Pods */,
				E506589B7F6E3EEB768F1621 /* Frameworks */,
			);
			sourceTree = "<group>";
		};
		A1B0AB2B1F1D266A00205600 /* Products */ = {
			isa = PBXGroup;
			children = (
				A1B0AB2A1F1D266A00205600 /* Habits.app */,
			);
			name = Products;
			sourceTree = "<group>";
		};
		A1B0AB2C1F1D266A00205600 /* Habits */ = {
			isa = PBXGroup;
			children = (
				A13CB8CB1F1D583700137BD3 /* Views */,
				A1B0AB2D1F1D266A00205600 /* AppDelegate.swift */,
				A1B0AB461F1D2E4500205600 /* Controllers */,
				A1B0AB451F1D2E3D00205600 /* Storyboards */,
				A1B0AB371F1D266A00205600 /* Assets.xcassets */,
				A1B0AB551F1D33A300205600 /* Supporting Files */,
				A1B0AB341F1D266A00205600 /* Habits.xcdatamodeld */,
				A1F1C70D1F210E7B00925A2A /* Helpers */,
			);
			path = Habits;
			sourceTree = "<group>";
		};
		A1B0AB451F1D2E3D00205600 /* Storyboards */ = {
			isa = PBXGroup;
			children = (
				A1B0AB511F1D336900205600 /* Main.storyboard */,
				A1228B951F35207100C84904 /* Store.storyboard */,
				A13C59FF1F2906D800A2F152 /* Calendar.storyboard */,
				A1B0AB4F1F1D334800205600 /* Habits.storyboard */,
				A11A56C11F3AF7BE00E3321C /* Launch Screen.storyboard */,
			);
			name = Storyboards;
			sourceTree = "<group>";
		};
		A1B0AB461F1D2E4500205600 /* Controllers */ = {
			isa = PBXGroup;
			children = (
				A1B0AB4D1F1D2F6600205600 /* ListHabitsViewController.swift */,
				A1B0AB4B1F1D2F4900205600 /* HabitInformationViewController.swift */,
				A13C5A011F29081600A2F152 /* CalendarViewController.swift */,
				A1228B991F35283D00C84904 /* ShopTableViewController.swift */,
			);
			name = Controllers;
			sourceTree = "<group>";
		};
		A1B0AB551F1D33A300205600 /* Supporting Files */ = {
			isa = PBXGroup;
			children = (
				A13CB8C91F1D3C4F00137BD3 /* Info.plist */,
			);
			name = "Supporting Files";
			sourceTree = "<group>";
		};
		A1F1C70D1F210E7B00925A2A /* Helpers */ = {
			isa = PBXGroup;
			children = (
				A1F1C70B1F210E6700925A2A /* CoreDataHelper.swift */,
			);
			name = Helpers;
			sourceTree = "<group>";
		};
		DC7ED49B6BE4F1617BB19615 /* Pods */ = {
			isa = PBXGroup;
			children = (
				8E25518CA7A64675F214AC97 /* Pods-Habits.debug.xcconfig */,
				22259F062A5D2381405F8D17 /* Pods-Habits.release.xcconfig */,
			);
			name = Pods;
			sourceTree = "<group>";
		};
		E506589B7F6E3EEB768F1621 /* Frameworks */ = {
			isa = PBXGroup;
			children = (
				B0DFA0706ACC635DDB842291 /* Pods_Habits.framework */,
			);
			name = Frameworks;
			sourceTree = "<group>";
		};
/* End PBXGroup section */

/* Begin PBXNativeTarget section */
		A1B0AB291F1D266A00205600 /* Habits */ = {
			isa = PBXNativeTarget;
			buildConfigurationList = A1B0AB3F1F1D266B00205600 /* Build configuration list for PBXNativeTarget "Habits" */;
			buildPhases = (
				8208275249F7D4B08277E1D8 /* [CP] Check Pods Manifest.lock */,
				A1B0AB261F1D266A00205600 /* Sources */,
				A1B0AB271F1D266A00205600 /* Frameworks */,
				A1B0AB281F1D266A00205600 /* Resources */,
				BADEE3B60C3748D4CC6FC379 /* [CP] Embed Pods Frameworks */,
				42E3505A070EE20AAC6AC2AC /* [CP] Copy Pods Resources */,
				A107E4681F3D713300CAF023 /* ShellScript */,
				A107E4691F3D716E00CAF023 /* ShellScript */,
			);
			buildRules = (
			);
			dependencies = (
			);
			name = Habits;
			productName = Habits;
			productReference = A1B0AB2A1F1D266A00205600 /* Habits.app */;
			productType = "com.apple.product-type.application";
		};
/* End PBXNativeTarget section */

/* Begin PBXProject section */
		A1B0AB221F1D266A00205600 /* Project object */ = {
			isa = PBXProject;
			attributes = {
				LastSwiftUpdateCheck = 0810;
				LastUpgradeCheck = 0810;
				ORGANIZATIONNAME = "Emily Chin";
				TargetAttributes = {
					A1B0AB291F1D266A00205600 = {
						CreatedOnToolsVersion = 8.1;
						DevelopmentTeam = W867R2Y26U;
						ProvisioningStyle = Automatic;
					};
				};
			};
			buildConfigurationList = A1B0AB251F1D266A00205600 /* Build configuration list for PBXProject "Habits" */;
			compatibilityVersion = "Xcode 3.2";
			developmentRegion = English;
			hasScannedForEncodings = 0;
			knownRegions = (
				en,
				Base,
			);
			mainGroup = A1B0AB211F1D266A00205600;
			productRefGroup = A1B0AB2B1F1D266A00205600 /* Products */;
			projectDirPath = "";
			projectRoot = "";
			targets = (
				A1B0AB291F1D266A00205600 /* Habits */,
			);
		};
/* End PBXProject section */

/* Begin PBXResourcesBuildPhase section */
		A1B0AB281F1D266A00205600 /* Resources */ = {
			isa = PBXResourcesBuildPhase;
			buildActionMask = 2147483647;
			files = (
				A13C5A001F2906D800A2F152 /* Calendar.storyboard in Resources */,
				A1B0AB381F1D266A00205600 /* Assets.xcassets in Resources */,
				A11A56C21F3AF7BE00E3321C /* Launch Screen.storyboard in Resources */,
				A1B0AB501F1D334800205600 /* Habits.storyboard in Resources */,
				A13CB8CA1F1D3C4F00137BD3 /* Info.plist in Resources */,
				A1228B961F35207100C84904 /* Store.storyboard in Resources */,
				A1B0AB521F1D336900205600 /* Main.storyboard in Resources */,
			);
			runOnlyForDeploymentPostprocessing = 0;
		};
/* End PBXResourcesBuildPhase section */

/* Begin PBXShellScriptBuildPhase section */
		42E3505A070EE20AAC6AC2AC /* [CP] Copy Pods Resources */ = {
			isa = PBXShellScriptBuildPhase;
			buildActionMask = 2147483647;
			files = (
			);
			inputPaths = (
			);
			name = "[CP] Copy Pods Resources";
			outputPaths = (
			);
			runOnlyForDeploymentPostprocessing = 0;
			shellPath = /bin/sh;
			shellScript = "\"${SRCROOT}/Pods/Target Support Files/Pods-Habits/Pods-Habits-resources.sh\"\n";
			showEnvVarsInLog = 0;
		};
		8208275249F7D4B08277E1D8 /* [CP] Check Pods Manifest.lock */ = {
			isa = PBXShellScriptBuildPhase;
			buildActionMask = 2147483647;
			files = (
			);
			inputPaths = (
			);
			name = "[CP] Check Pods Manifest.lock";
			outputPaths = (
			);
			runOnlyForDeploymentPostprocessing = 0;
			shellPath = /bin/sh;
			shellScript = "diff \"${PODS_PODFILE_DIR_PATH}/Podfile.lock\" \"${PODS_ROOT}/Manifest.lock\" > /dev/null\nif [ $? != 0 ] ; then\n    # print error to STDERR\n    echo \"error: The sandbox is not in sync with the Podfile.lock. Run 'pod install' or update your CocoaPods installation.\" >&2\n    exit 1\nfi\n";
			showEnvVarsInLog = 0;
		};
		A107E4681F3D713300CAF023 /* ShellScript */ = {
			isa = PBXShellScriptBuildPhase;
			buildActionMask = 2147483647;
			files = (
			);
			inputPaths = (
			);
			outputPaths = (
			);
			runOnlyForDeploymentPostprocessing = 0;
			shellPath = /bin/sh;
			shellScript = "./Fabric.framework/run 554b364408fd9fa0543e031e0c20d09e5eea7d41 9ff9256a1db3b85c0528005dc99524700ae3920157a05b3f16d6651c9286112e";
		};
		A107E4691F3D716E00CAF023 /* ShellScript */ = {
			isa = PBXShellScriptBuildPhase;
			buildActionMask = 2147483647;
			files = (
			);
			inputPaths = (
			);
			outputPaths = (
			);
			runOnlyForDeploymentPostprocessing = 0;
			shellPath = /bin/sh;
			shellScript = "./Fabric.framework/run 554b364408fd9fa0543e031e0c20d09e5eea7d41 9ff9256a1db3b85c0528005dc99524700ae3920157a05b3f16d6651c9286112e";
		};
		BADEE3B60C3748D4CC6FC379 /* [CP] Embed Pods Frameworks */ = {
			isa = PBXShellScriptBuildPhase;
			buildActionMask = 2147483647;
			files = (
			);
			inputPaths = (
			);
			name = "[CP] Embed Pods Frameworks";
			outputPaths = (
			);
			runOnlyForDeploymentPostprocessing = 0;
			shellPath = /bin/sh;
			shellScript = "\"${SRCROOT}/Pods/Target Support Files/Pods-Habits/Pods-Habits-frameworks.sh\"\n";
			showEnvVarsInLog = 0;
		};
/* End PBXShellScriptBuildPhase section */

/* Begin PBXSourcesBuildPhase section */
		A1B0AB261F1D266A00205600 /* Sources */ = {
			isa = PBXSourcesBuildPhase;
			buildActionMask = 2147483647;
			files = (
				A1228B9A1F35283D00C84904 /* ShopTableViewController.swift in Sources */,
				A13C5A021F29081600A2F152 /* CalendarViewController.swift in Sources */,
				A1B0AB2E1F1D266A00205600 /* AppDelegate.swift in Sources */,
				A1B0AB4E1F1D2F6600205600 /* ListHabitsViewController.swift in Sources */,
				A13C5A041F29141800A2F152 /* CalendarCell.swift in Sources */,
				A1B0AB4C1F1D2F4900205600 /* HabitInformationViewController.swift in Sources */,
				A13D53711F32498A0012A8BD /* HabitsDoneTableViewCell.swift in Sources */,
				A13CB8D11F1D589A00137BD3 /* ListHabitsCell.swift in Sources */,
				A1B0AB361F1D266A00205600 /* Habits.xcdatamodeld in Sources */,
				A1F1C70C1F210E6700925A2A /* CoreDataHelper.swift in Sources */,
			);
			runOnlyForDeploymentPostprocessing = 0;
		};
/* End PBXSourcesBuildPhase section */

/* Begin XCBuildConfiguration section */
		A1B0AB3D1F1D266B00205600 /* Debug */ = {
			isa = XCBuildConfiguration;
			buildSettings = {
				ALWAYS_SEARCH_USER_PATHS = NO;
				CLANG_ANALYZER_NONNULL = YES;
				CLANG_CXX_LANGUAGE_STANDARD = "gnu++0x";
				CLANG_CXX_LIBRARY = "libc++";
				CLANG_ENABLE_MODULES = YES;
				CLANG_ENABLE_OBJC_ARC = YES;
				CLANG_WARN_BOOL_CONVERSION = YES;
				CLANG_WARN_CONSTANT_CONVERSION = YES;
				CLANG_WARN_DIRECT_OBJC_ISA_USAGE = YES_ERROR;
				CLANG_WARN_DOCUMENTATION_COMMENTS = YES;
				CLANG_WARN_EMPTY_BODY = YES;
				CLANG_WARN_ENUM_CONVERSION = YES;
				CLANG_WARN_INFINITE_RECURSION = YES;
				CLANG_WARN_INT_CONVERSION = YES;
				CLANG_WARN_OBJC_ROOT_CLASS = YES_ERROR;
				CLANG_WARN_SUSPICIOUS_MOVES = YES;
				CLANG_WARN_UNREACHABLE_CODE = YES;
				CLANG_WARN__DUPLICATE_METHOD_MATCH = YES;
				"CODE_SIGN_IDENTITY[sdk=iphoneos*]" = "iPhone Developer";
				COPY_PHASE_STRIP = NO;
				DEBUG_INFORMATION_FORMAT = dwarf;
				ENABLE_STRICT_OBJC_MSGSEND = YES;
				ENABLE_TESTABILITY = YES;
				GCC_C_LANGUAGE_STANDARD = gnu99;
				GCC_DYNAMIC_NO_PIC = NO;
				GCC_NO_COMMON_BLOCKS = YES;
				GCC_OPTIMIZATION_LEVEL = 0;
				GCC_PREPROCESSOR_DEFINITIONS = (
					"DEBUG=1",
					"$(inherited)",
				);
				GCC_WARN_64_TO_32_BIT_CONVERSION = YES;
				GCC_WARN_ABOUT_RETURN_TYPE = YES_ERROR;
				GCC_WARN_UNDECLARED_SELECTOR = YES;
				GCC_WARN_UNINITIALIZED_AUTOS = YES_AGGRESSIVE;
				GCC_WARN_UNUSED_FUNCTION = YES;
				GCC_WARN_UNUSED_VARIABLE = YES;
				IPHONEOS_DEPLOYMENT_TARGET = 10.1;
				MTL_ENABLE_DEBUG_INFO = YES;
				ONLY_ACTIVE_ARCH = YES;
				SDKROOT = iphoneos;
				SWIFT_ACTIVE_COMPILATION_CONDITIONS = DEBUG;
				SWIFT_OPTIMIZATION_LEVEL = "-Onone";
			};
			name = Debug;
		};
		A1B0AB3E1F1D266B00205600 /* Release */ = {
			isa = XCBuildConfiguration;
			buildSettings = {
				ALWAYS_SEARCH_USER_PATHS = NO;
				CLANG_ANALYZER_NONNULL = YES;
				CLANG_CXX_LANGUAGE_STANDARD = "gnu++0x";
				CLANG_CXX_LIBRARY = "libc++";
				CLANG_ENABLE_MODULES = YES;
				CLANG_ENABLE_OBJC_ARC = YES;
				CLANG_WARN_BOOL_CONVERSION = YES;
				CLANG_WARN_CONSTANT_CONVERSION = YES;
				CLANG_WARN_DIRECT_OBJC_ISA_USAGE = YES_ERROR;
				CLANG_WARN_DOCUMENTATION_COMMENTS = YES;
				CLANG_WARN_EMPTY_BODY = YES;
				CLANG_WARN_ENUM_CONVERSION = YES;
				CLANG_WARN_INFINITE_RECURSION = YES;
				CLANG_WARN_INT_CONVERSION = YES;
				CLANG_WARN_OBJC_ROOT_CLASS = YES_ERROR;
				CLANG_WARN_SUSPICIOUS_MOVES = YES;
				CLANG_WARN_UNREACHABLE_CODE = YES;
				CLANG_WARN__DUPLICATE_METHOD_MATCH = YES;
				"CODE_SIGN_IDENTITY[sdk=iphoneos*]" = "iPhone Developer";
				COPY_PHASE_STRIP = NO;
				DEBUG_INFORMATION_FORMAT = "dwarf-with-dsym";
				ENABLE_NS_ASSERTIONS = NO;
				ENABLE_STRICT_OBJC_MSGSEND = YES;
				GCC_C_LANGUAGE_STANDARD = gnu99;
				GCC_NO_COMMON_BLOCKS = YES;
				GCC_WARN_64_TO_32_BIT_CONVERSION = YES;
				GCC_WARN_ABOUT_RETURN_TYPE = YES_ERROR;
				GCC_WARN_UNDECLARED_SELECTOR = YES;
				GCC_WARN_UNINITIALIZED_AUTOS = YES_AGGRESSIVE;
				GCC_WARN_UNUSED_FUNCTION = YES;
				GCC_WARN_UNUSED_VARIABLE = YES;
				IPHONEOS_DEPLOYMENT_TARGET = 10.1;
				MTL_ENABLE_DEBUG_INFO = NO;
				SDKROOT = iphoneos;
				SWIFT_OPTIMIZATION_LEVEL = "-Owholemodule";
				VALIDATE_PRODUCT = YES;
			};
			name = Release;
		};
		A1B0AB401F1D266B00205600 /* Debug */ = {
			isa = XCBuildConfiguration;
			baseConfigurationReference = 8E25518CA7A64675F214AC97 /* Pods-Habits.debug.xcconfig */;
			buildSettings = {
				ASSETCATALOG_COMPILER_APPICON_NAME = AppIcon;
				DEVELOPMENT_TEAM = W867R2Y26U;
				INFOPLIST_FILE = Habits/Info.plist;
				LD_RUNPATH_SEARCH_PATHS = "$(inherited) @executable_path/Frameworks";
				PRODUCT_BUNDLE_IDENTIFIER = com.emilychin.Habits;
				PRODUCT_NAME = "$(TARGET_NAME)";
				SWIFT_VERSION = 3.0;
			};
			name = Debug;
		};
		A1B0AB411F1D266B00205600 /* Release */ = {
			isa = XCBuildConfiguration;
			baseConfigurationReference = 22259F062A5D2381405F8D17 /* Pods-Habits.release.xcconfig */;
			buildSettings = {
				ASSETCATALOG_COMPILER_APPICON_NAME = AppIcon;
				DEVELOPMENT_TEAM = W867R2Y26U;
				INFOPLIST_FILE = Habits/Info.plist;
				LD_RUNPATH_SEARCH_PATHS = "$(inherited) @executable_path/Frameworks";
				PRODUCT_BUNDLE_IDENTIFIER = com.emilychin.Habits;
				PRODUCT_NAME = "$(TARGET_NAME)";
				SWIFT_VERSION = 3.0;
			};
			name = Release;
		};
/* End XCBuildConfiguration section */

/* Begin XCConfigurationList section */
		A1B0AB251F1D266A00205600 /* Build configuration list for PBXProject "Habits" */ = {
			isa = XCConfigurationList;
			buildConfigurations = (
				A1B0AB3D1F1D266B00205600 /* Debug */,
				A1B0AB3E1F1D266B00205600 /* Release */,
			);
			defaultConfigurationIsVisible = 0;
			defaultConfigurationName = Release;
		};
		A1B0AB3F1F1D266B00205600 /* Build configuration list for PBXNativeTarget "Habits" */ = {
			isa = XCConfigurationList;
			buildConfigurations = (
				A1B0AB401F1D266B00205600 /* Debug */,
				A1B0AB411F1D266B00205600 /* Release */,
			);
			defaultConfigurationIsVisible = 0;
			defaultConfigurationName = Release;
		};
/* End XCConfigurationList section */

/* Begin XCVersionGroup section */
		A1B0AB341F1D266A00205600 /* Habits.xcdatamodeld */ = {
			isa = XCVersionGroup;
			children = (
				A1B0AB351F1D266A00205600 /* Habits.xcdatamodel */,
			);
			currentVersion = A1B0AB351F1D266A00205600 /* Habits.xcdatamodel */;
			path = Habits.xcdatamodeld;
			sourceTree = "<group>";
			versionGroupType = wrapper.xcdatamodel;
		};
/* End XCVersionGroup section */
	};
	rootObject = A1B0AB221F1D266A00205600 /* Project object */;
}
